
Microsoft Visual Studio Solution File, Format Version 12.00
# Visual Studio 14
VisualStudioVersion = 14.0.25420.1
MinimumVisualStudioVersion = 10.0.40219.1
Project("{8BC9CEB8-8B4A-11D0-8D11-00A0C91BC942}") = "DirectX.CppCX", "DirectX.CppCX\DirectX.CppCX.vcxproj", "{4AAF5C95-37E6-4AE3-B822-007B52195D97}"
EndProject
Project("{8BC9CEB8-8B4A-11D0-8D11-00A0C91BC942}") = "DirectX.Shared", "DirectX.Shared\DirectX.Shared.vcxitems", "{8F20BFC7-B651-4E5C-BCE1-9D6F5C605BB9}"
EndProject
Global
	GlobalSection(SharedMSBuildProjectFiles) = preSolution
		DirectX.Shared\DirectX.Shared.vcxitems*{4aaf5c95-37e6-4ae3-b822-007b52195d97}*SharedItemsImports = 4
		DirectX.Shared\DirectX.Shared.vcxitems*{8f20bfc7-b651-4e5c-bce1-9d6f5c605bb9}*SharedItemsImports = 9
	EndGlobalSection
	GlobalSection(SolutionConfigurationPlatforms) = preSolution
		Debug|ARM = Debug|ARM
		Debug|ARM64 = Debug|ARM64
		Debug|x64 = Debug|x64
		Debug|x86 = Debug|x86
		Release|ARM = Release|ARM
		Release|ARM64 = Release|ARM64
		Release|x64 = Release|x64
		Release|x86 = Release|x86
	EndGlobalSection
	GlobalSection(ProjectConfigurationPlatforms) = postSolution
		{4AAF5C95-37E6-4AE3-B822-007B52195D97}.Debug|ARM.ActiveCfg = Debug|ARM
		{4AAF5C95-37E6-4AE3-B822-007B52195D97}.Debug|ARM.Build.0 = Debug|ARM
		{4AAF5C95-37E6-4AE3-B822-007B52195D97}.Debug|ARM.Deploy.0 = Debug|ARM
		{4AAF5C95-37E6-4AE3-B822-007B52195D97}.Debug|ARM64.ActiveCfg = Debug|Win32
		{4AAF5C95-37E6-4AE3-B822-007B52195D97}.Debug|x64.ActiveCfg = Debug|x64
		{4AAF5C95-37E6-4AE3-B822-007B52195D97}.Debug|x64.Build.0 = Debug|x64
		{4AAF5C95-37E6-4AE3-B822-007B52195D97}.Debug|x64.Deploy.0 = Debug|x64
		{4AAF5C95-37E6-4AE3-B822-007B52195D97}.Debug|x86.ActiveCfg = Debug|Win32
		{4AAF5C95-37E6-4AE3-B822-007B52195D97}.Debug|x86.Build.0 = Debug|Win32
		{4AAF5C95-37E6-4AE3-B822-007B52195D97}.Debug|x86.Deploy.0 = Debug|Win32
		{4AAF5C95-37E6-4AE3-B822-007B52195D97}.Release|ARM.ActiveCfg = Release|ARM
		{4AAF5C95-37E6-4AE3-B822-007B52195D97}.Release|ARM.Build.0 = Release|ARM
		{4AAF5C95-37E6-4AE3-B822-007B52195D97}.Release|ARM.Deploy.0 = Release|ARM
		{4AAF5C95-37E6-4AE3-B822-007B52195D97}.Release|ARM64.ActiveCfg = Release|Win32
		{4AAF5C95-37E6-4AE3-B822-007B52195D97}.Release|x64.ActiveCfg = Release|x64
		{4AAF5C95-37E6-4AE3-B822-007B52195D97}.Release|x64.Build.0 = Release|x64
		{4AAF5C95-37E6-4AE3-B822-007B52195D97}.Release|x64.Deploy.0 = Release|x64
		{4AAF5C95-37E6-4AE3-B822-007B52195D97}.Release|x86.ActiveCfg = Release|Win32
		{4AAF5C95-37E6-4AE3-B822-007B52195D97}.Release|x86.Build.0 = Release|Win32
		{4AAF5C95-37E6-4AE3-B822-007B52195D97}.Release|x86.Deploy.0 = Release|Win32
	EndGlobalSection
	GlobalSection(SolutionProperties) = preSolution
		HideSolutionNode = FALSE
	EndGlobalSection
EndGlobal
